
Microsoft Visual Studio Solution File, Format Version 12.00
# Visual Studio 14
VisualStudioVersion = 14.0.24720.0
MinimumVisualStudioVersion = 10.0.40219.1
Project("{FAE04EC0-301F-11D3-BF4B-00C04F79EFBC}") = "6", "Exam20112016Evening\6.csproj", "{6777CC1D-5098-4372-BA6F-42D04AAA4A45}"
EndProject
Project("{FAE04EC0-301F-11D3-BF4B-00C04F79EFBC}") = "6_28082016", "6_28082016\6_28082016.csproj", "{34DE9556-7BD9-43D9-9593-21D72CE2CC57}"
EndProject
Global
	GlobalSection(SolutionConfigurationPlatforms) = preSolution
		Debug|Any CPU = Debug|Any CPU
		Release|Any CPU = Release|Any CPU
	EndGlobalSection
	GlobalSection(ProjectConfigurationPlatforms) = postSolution
		{6777CC1D-5098-4372-BA6F-42D04AAA4A45}.Debug|Any CPU.ActiveCfg = Debug|Any CPU
		{6777CC1D-5098-4372-BA6F-42D04AAA4A45}.Debug|Any CPU.Build.0 = Debug|Any CPU
		{6777CC1D-5098-4372-BA6F-42D04AAA4A45}.Release|Any CPU.ActiveCfg = Release|Any CPU
		{6777CC1D-5098-4372-BA6F-42D04AAA4A45}.Release|Any CPU.Build.0 = Release|Any CPU
		{34DE9556-7BD9-43D9-9593-21D72CE2CC57}.Debug|Any CPU.ActiveCfg = Debug|Any CPU
		{34DE9556-7BD9-43D9-9593-21D72CE2CC57}.Debug|Any CPU.Build.0 = Debug|Any CPU
		{34DE9556-7BD9-43D9-9593-21D72CE2CC57}.Release|Any CPU.ActiveCfg = Release|Any CPU
		{34DE9556-7BD9-43D9-9593-21D72CE2CC57}.Release|Any CPU.Build.0 = Release|Any CPU
	EndGlobalSection
	GlobalSection(SolutionProperties) = preSolution
		HideSolutionNode = FALSE
	EndGlobalSection
EndGlobal
