
Microsoft Visual Studio Solution File, Format Version 12.00
# Visual Studio 14
VisualStudioVersion = 14.0.24720.0
MinimumVisualStudioVersion = 10.0.40219.1
Project("{FAE04EC0-301F-11D3-BF4B-00C04F79EFBC}") = "01.personalTitles", "ComplexConditionalStatements\01.personalTitles.csproj", "{9371FD25-CCDC-48D0-8529-F4414824139E}"
EndProject
Project("{FAE04EC0-301F-11D3-BF4B-00C04F79EFBC}") = "02.smallShop", "02.smallShop\02.smallShop.csproj", "{61121CAD-1EC7-4152-8CA8-29848452E2B0}"
EndProject
Project("{FAE04EC0-301F-11D3-BF4B-00C04F79EFBC}") = "03.pointInRectangle", "03.pointInRectangle\03.pointInRectangle.csproj", "{C24F68DA-2F67-4460-81C4-3D2EB3D763B7}"
EndProject
Project("{FAE04EC0-301F-11D3-BF4B-00C04F79EFBC}") = "04.fruitOrVegetable", "04.fruitOrVegetable\04.fruitOrVegetable.csproj", "{76A1286C-06E2-4B61-87D8-895115D34F07}"
EndProject
Project("{FAE04EC0-301F-11D3-BF4B-00C04F79EFBC}") = "05.invalidNumber", "05.invalidNumber\05.invalidNumber.csproj", "{C3655B1B-280A-42EE-BFC8-45A54B17EDB6}"
EndProject
Project("{FAE04EC0-301F-11D3-BF4B-00C04F79EFBC}") = "17072016.03.MatchTickets", "17072016.03.MatchTickets\17072016.03.MatchTickets.csproj", "{A407E8D3-DABF-4BCF-9EBF-846715BC4F43}"
EndProject
Project("{FAE04EC0-301F-11D3-BF4B-00C04F79EFBC}") = "06.pointOnRectangularBorder", "06.pointOnRectangularBorder\06.pointOnRectangularBorder.csproj", "{265042F3-7C12-47D8-A6AE-E51D18009CA1}"
EndProject
Project("{FAE04EC0-301F-11D3-BF4B-00C04F79EFBC}") = "07.fruitShop", "07.fruitShop\07.fruitShop.csproj", "{B1CDF55A-A496-4E0D-BA1D-DF68BD56F069}"
EndProject
Project("{FAE04EC0-301F-11D3-BF4B-00C04F79EFBC}") = "08.tradeCommissions", "08.tradeCommissions\08.tradeCommissions.csproj", "{64BDE917-701E-4355-8842-F67F65523448}"
EndProject
Project("{FAE04EC0-301F-11D3-BF4B-00C04F79EFBC}") = "09.dayOfWeek", "09.dayOfWeek\09.dayOfWeek.csproj", "{5E50CC4B-54C0-4879-AA4C-7628E1404037}"
EndProject
Project("{FAE04EC0-301F-11D3-BF4B-00C04F79EFBC}") = "10.animalType", "10.animalType\10.animalType.csproj", "{AA45F3CC-2062-4919-94AE-FF06CA616327}"
EndProject
Project("{FAE04EC0-301F-11D3-BF4B-00C04F79EFBC}") = "12.cinema", "12.cinema\12.cinema.csproj", "{11C07C02-83D7-4D2A-B740-AD4672295208}"
EndProject
Project("{FAE04EC0-301F-11D3-BF4B-00C04F79EFBC}") = "13.volleyball", "13.volleyball\13.volleyball.csproj", "{7502FC88-9ADA-41F5-BDE7-ED93A90B1E3D}"
EndProject
Project("{FAE04EC0-301F-11D3-BF4B-00C04F79EFBC}") = "14.pointInTheFigure", "14.pointInTheFigure\14.pointInTheFigure.csproj", "{CCD9E210-31C9-4D55-AB73-433E7EF61432}"
EndProject
Project("{FAE04EC0-301F-11D3-BF4B-00C04F79EFBC}") = "15.onTimeForTheExam", "15.onTimeForTheExam\15.onTimeForTheExam.csproj", "{83532A39-4116-4D0C-AA56-736C445E0ED5}"
EndProject
Project("{FAE04EC0-301F-11D3-BF4B-00C04F79EFBC}") = "15.nextAttemt", "15.nextAttemt\15.nextAttemt.csproj", "{0EC3F30B-66AB-4E28-967D-D271EFE94F0B}"
EndProject
Project("{FAE04EC0-301F-11D3-BF4B-00C04F79EFBC}") = "16.journey", "16.journey\16.journey.csproj", "{5A87EFB6-5777-4B67-B632-42E38550E34A}"
EndProject
Project("{FAE04EC0-301F-11D3-BF4B-00C04F79EFBC}") = "19.hotelRoom", "19.hotelRoom\19.hotelRoom.csproj", "{259064FA-B516-4310-B8C1-7AE263F88B48}"
EndProject
Global
	GlobalSection(SolutionConfigurationPlatforms) = preSolution
		Debug|Any CPU = Debug|Any CPU
		Release|Any CPU = Release|Any CPU
	EndGlobalSection
	GlobalSection(ProjectConfigurationPlatforms) = postSolution
		{9371FD25-CCDC-48D0-8529-F4414824139E}.Debug|Any CPU.ActiveCfg = Debug|Any CPU
		{9371FD25-CCDC-48D0-8529-F4414824139E}.Debug|Any CPU.Build.0 = Debug|Any CPU
		{9371FD25-CCDC-48D0-8529-F4414824139E}.Release|Any CPU.ActiveCfg = Release|Any CPU
		{9371FD25-CCDC-48D0-8529-F4414824139E}.Release|Any CPU.Build.0 = Release|Any CPU
		{61121CAD-1EC7-4152-8CA8-29848452E2B0}.Debug|Any CPU.ActiveCfg = Debug|Any CPU
		{61121CAD-1EC7-4152-8CA8-29848452E2B0}.Debug|Any CPU.Build.0 = Debug|Any CPU
		{61121CAD-1EC7-4152-8CA8-29848452E2B0}.Release|Any CPU.ActiveCfg = Release|Any CPU
		{61121CAD-1EC7-4152-8CA8-29848452E2B0}.Release|Any CPU.Build.0 = Release|Any CPU
		{C24F68DA-2F67-4460-81C4-3D2EB3D763B7}.Debug|Any CPU.ActiveCfg = Debug|Any CPU
		{C24F68DA-2F67-4460-81C4-3D2EB3D763B7}.Debug|Any CPU.Build.0 = Debug|Any CPU
		{C24F68DA-2F67-4460-81C4-3D2EB3D763B7}.Release|Any CPU.ActiveCfg = Release|Any CPU
		{C24F68DA-2F67-4460-81C4-3D2EB3D763B7}.Release|Any CPU.Build.0 = Release|Any CPU
		{76A1286C-06E2-4B61-87D8-895115D34F07}.Debug|Any CPU.ActiveCfg = Debug|Any CPU
		{76A1286C-06E2-4B61-87D8-895115D34F07}.Debug|Any CPU.Build.0 = Debug|Any CPU
		{76A1286C-06E2-4B61-87D8-895115D34F07}.Release|Any CPU.ActiveCfg = Release|Any CPU
		{76A1286C-06E2-4B61-87D8-895115D34F07}.Release|Any CPU.Build.0 = Release|Any CPU
		{C3655B1B-280A-42EE-BFC8-45A54B17EDB6}.Debug|Any CPU.ActiveCfg = Debug|Any CPU
		{C3655B1B-280A-42EE-BFC8-45A54B17EDB6}.Debug|Any CPU.Build.0 = Debug|Any CPU
		{C3655B1B-280A-42EE-BFC8-45A54B17EDB6}.Release|Any CPU.ActiveCfg = Release|Any CPU
		{C3655B1B-280A-42EE-BFC8-45A54B17EDB6}.Release|Any CPU.Build.0 = Release|Any CPU
		{A407E8D3-DABF-4BCF-9EBF-846715BC4F43}.Debug|Any CPU.ActiveCfg = Debug|Any CPU
		{A407E8D3-DABF-4BCF-9EBF-846715BC4F43}.Debug|Any CPU.Build.0 = Debug|Any CPU
		{A407E8D3-DABF-4BCF-9EBF-846715BC4F43}.Release|Any CPU.ActiveCfg = Release|Any CPU
		{A407E8D3-DABF-4BCF-9EBF-846715BC4F43}.Release|Any CPU.Build.0 = Release|Any CPU
		{265042F3-7C12-47D8-A6AE-E51D18009CA1}.Debug|Any CPU.ActiveCfg = Debug|Any CPU
		{265042F3-7C12-47D8-A6AE-E51D18009CA1}.Debug|Any CPU.Build.0 = Debug|Any CPU
		{265042F3-7C12-47D8-A6AE-E51D18009CA1}.Release|Any CPU.ActiveCfg = Release|Any CPU
		{265042F3-7C12-47D8-A6AE-E51D18009CA1}.Release|Any CPU.Build.0 = Release|Any CPU
		{B1CDF55A-A496-4E0D-BA1D-DF68BD56F069}.Debug|Any CPU.ActiveCfg = Debug|Any CPU
		{B1CDF55A-A496-4E0D-BA1D-DF68BD56F069}.Debug|Any CPU.Build.0 = Debug|Any CPU
		{B1CDF55A-A496-4E0D-BA1D-DF68BD56F069}.Release|Any CPU.ActiveCfg = Release|Any CPU
		{B1CDF55A-A496-4E0D-BA1D-DF68BD56F069}.Release|Any CPU.Build.0 = Release|Any CPU
		{64BDE917-701E-4355-8842-F67F65523448}.Debug|Any CPU.ActiveCfg = Debug|Any CPU
		{64BDE917-701E-4355-8842-F67F65523448}.Debug|Any CPU.Build.0 = Debug|Any CPU
		{64BDE917-701E-4355-8842-F67F65523448}.Release|Any CPU.ActiveCfg = Release|Any CPU
		{64BDE917-701E-4355-8842-F67F65523448}.Release|Any CPU.Build.0 = Release|Any CPU
		{5E50CC4B-54C0-4879-AA4C-7628E1404037}.Debug|Any CPU.ActiveCfg = Debug|Any CPU
		{5E50CC4B-54C0-4879-AA4C-7628E1404037}.Debug|Any CPU.Build.0 = Debug|Any CPU
		{5E50CC4B-54C0-4879-AA4C-7628E1404037}.Release|Any CPU.ActiveCfg = Release|Any CPU
		{5E50CC4B-54C0-4879-AA4C-7628E1404037}.Release|Any CPU.Build.0 = Release|Any CPU
		{AA45F3CC-2062-4919-94AE-FF06CA616327}.Debug|Any CPU.ActiveCfg = Debug|Any CPU
		{AA45F3CC-2062-4919-94AE-FF06CA616327}.Debug|Any CPU.Build.0 = Debug|Any CPU
		{AA45F3CC-2062-4919-94AE-FF06CA616327}.Release|Any CPU.ActiveCfg = Release|Any CPU
		{AA45F3CC-2062-4919-94AE-FF06CA616327}.Release|Any CPU.Build.0 = Release|Any CPU
		{11C07C02-83D7-4D2A-B740-AD4672295208}.Debug|Any CPU.ActiveCfg = Debug|Any CPU
		{11C07C02-83D7-4D2A-B740-AD4672295208}.Debug|Any CPU.Build.0 = Debug|Any CPU
		{11C07C02-83D7-4D2A-B740-AD4672295208}.Release|Any CPU.ActiveCfg = Release|Any CPU
		{11C07C02-83D7-4D2A-B740-AD4672295208}.Release|Any CPU.Build.0 = Release|Any CPU
		{7502FC88-9ADA-41F5-BDE7-ED93A90B1E3D}.Debug|Any CPU.ActiveCfg = Debug|Any CPU
		{7502FC88-9ADA-41F5-BDE7-ED93A90B1E3D}.Debug|Any CPU.Build.0 = Debug|Any CPU
		{7502FC88-9ADA-41F5-BDE7-ED93A90B1E3D}.Release|Any CPU.ActiveCfg = Release|Any CPU
		{7502FC88-9ADA-41F5-BDE7-ED93A90B1E3D}.Release|Any CPU.Build.0 = Release|Any CPU
		{CCD9E210-31C9-4D55-AB73-433E7EF61432}.Debug|Any CPU.ActiveCfg = Debug|Any CPU
		{CCD9E210-31C9-4D55-AB73-433E7EF61432}.Debug|Any CPU.Build.0 = Debug|Any CPU
		{CCD9E210-31C9-4D55-AB73-433E7EF61432}.Release|Any CPU.ActiveCfg = Release|Any CPU
		{CCD9E210-31C9-4D55-AB73-433E7EF61432}.Release|Any CPU.Build.0 = Release|Any CPU
		{83532A39-4116-4D0C-AA56-736C445E0ED5}.Debug|Any CPU.ActiveCfg = Debug|Any CPU
		{83532A39-4116-4D0C-AA56-736C445E0ED5}.Debug|Any CPU.Build.0 = Debug|Any CPU
		{83532A39-4116-4D0C-AA56-736C445E0ED5}.Release|Any CPU.ActiveCfg = Release|Any CPU
		{83532A39-4116-4D0C-AA56-736C445E0ED5}.Release|Any CPU.Build.0 = Release|Any CPU
		{0EC3F30B-66AB-4E28-967D-D271EFE94F0B}.Debug|Any CPU.ActiveCfg = Debug|Any CPU
		{0EC3F30B-66AB-4E28-967D-D271EFE94F0B}.Debug|Any CPU.Build.0 = Debug|Any CPU
		{0EC3F30B-66AB-4E28-967D-D271EFE94F0B}.Release|Any CPU.ActiveCfg = Release|Any CPU
		{0EC3F30B-66AB-4E28-967D-D271EFE94F0B}.Release|Any CPU.Build.0 = Release|Any CPU
		{5A87EFB6-5777-4B67-B632-42E38550E34A}.Debug|Any CPU.ActiveCfg = Debug|Any CPU
		{5A87EFB6-5777-4B67-B632-42E38550E34A}.Debug|Any CPU.Build.0 = Debug|Any CPU
		{5A87EFB6-5777-4B67-B632-42E38550E34A}.Release|Any CPU.ActiveCfg = Release|Any CPU
		{5A87EFB6-5777-4B67-B632-42E38550E34A}.Release|Any CPU.Build.0 = Release|Any CPU
		{259064FA-B516-4310-B8C1-7AE263F88B48}.Debug|Any CPU.ActiveCfg = Debug|Any CPU
		{259064FA-B516-4310-B8C1-7AE263F88B48}.Debug|Any CPU.Build.0 = Debug|Any CPU
		{259064FA-B516-4310-B8C1-7AE263F88B48}.Release|Any CPU.ActiveCfg = Release|Any CPU
		{259064FA-B516-4310-B8C1-7AE263F88B48}.Release|Any CPU.Build.0 = Release|Any CPU
	EndGlobalSection
	GlobalSection(SolutionProperties) = preSolution
		HideSolutionNode = FALSE
	EndGlobalSection
EndGlobal
