
Microsoft Visual Studio Solution File, Format Version 12.00
# Visual Studio 14
VisualStudioVersion = 14.0.24720.0
MinimumVisualStudioVersion = 10.0.40219.1
Project("{FAE04EC0-301F-11D3-BF4B-00C04F79EFBC}") = "1", "Exam06032016\1.csproj", "{2ED702D4-EAED-42F0-84E2-D85D156564BA}"
EndProject
Project("{FAE04EC0-301F-11D3-BF4B-00C04F79EFBC}") = "2", "2\2.csproj", "{0080582E-4025-41F1-A502-429695C881A7}"
EndProject
Project("{FAE04EC0-301F-11D3-BF4B-00C04F79EFBC}") = "3", "3\3.csproj", "{CD5404C0-9E63-41FB-8FA9-485E2C51DA91}"
EndProject
Project("{FAE04EC0-301F-11D3-BF4B-00C04F79EFBC}") = "4", "4\4.csproj", "{A824D674-BBCC-4569-89A7-2781AD6E01A8}"
EndProject
Project("{FAE04EC0-301F-11D3-BF4B-00C04F79EFBC}") = "5", "5\5.csproj", "{E3C1025D-3E90-4AFE-B937-01FD568708DB}"
EndProject
Project("{FAE04EC0-301F-11D3-BF4B-00C04F79EFBC}") = "6", "6\6.csproj", "{C6BCFDF9-4895-4ED7-980E-6125B816FAAD}"
EndProject
Global
	GlobalSection(SolutionConfigurationPlatforms) = preSolution
		Debug|Any CPU = Debug|Any CPU
		Release|Any CPU = Release|Any CPU
	EndGlobalSection
	GlobalSection(ProjectConfigurationPlatforms) = postSolution
		{2ED702D4-EAED-42F0-84E2-D85D156564BA}.Debug|Any CPU.ActiveCfg = Debug|Any CPU
		{2ED702D4-EAED-42F0-84E2-D85D156564BA}.Debug|Any CPU.Build.0 = Debug|Any CPU
		{2ED702D4-EAED-42F0-84E2-D85D156564BA}.Release|Any CPU.ActiveCfg = Release|Any CPU
		{2ED702D4-EAED-42F0-84E2-D85D156564BA}.Release|Any CPU.Build.0 = Release|Any CPU
		{0080582E-4025-41F1-A502-429695C881A7}.Debug|Any CPU.ActiveCfg = Debug|Any CPU
		{0080582E-4025-41F1-A502-429695C881A7}.Debug|Any CPU.Build.0 = Debug|Any CPU
		{0080582E-4025-41F1-A502-429695C881A7}.Release|Any CPU.ActiveCfg = Release|Any CPU
		{0080582E-4025-41F1-A502-429695C881A7}.Release|Any CPU.Build.0 = Release|Any CPU
		{CD5404C0-9E63-41FB-8FA9-485E2C51DA91}.Debug|Any CPU.ActiveCfg = Debug|Any CPU
		{CD5404C0-9E63-41FB-8FA9-485E2C51DA91}.Debug|Any CPU.Build.0 = Debug|Any CPU
		{CD5404C0-9E63-41FB-8FA9-485E2C51DA91}.Release|Any CPU.ActiveCfg = Release|Any CPU
		{CD5404C0-9E63-41FB-8FA9-485E2C51DA91}.Release|Any CPU.Build.0 = Release|Any CPU
		{A824D674-BBCC-4569-89A7-2781AD6E01A8}.Debug|Any CPU.ActiveCfg = Debug|Any CPU
		{A824D674-BBCC-4569-89A7-2781AD6E01A8}.Debug|Any CPU.Build.0 = Debug|Any CPU
		{A824D674-BBCC-4569-89A7-2781AD6E01A8}.Release|Any CPU.ActiveCfg = Release|Any CPU
		{A824D674-BBCC-4569-89A7-2781AD6E01A8}.Release|Any CPU.Build.0 = Release|Any CPU
		{E3C1025D-3E90-4AFE-B937-01FD568708DB}.Debug|Any CPU.ActiveCfg = Debug|Any CPU
		{E3C1025D-3E90-4AFE-B937-01FD568708DB}.Debug|Any CPU.Build.0 = Debug|Any CPU
		{E3C1025D-3E90-4AFE-B937-01FD568708DB}.Release|Any CPU.ActiveCfg = Release|Any CPU
		{E3C1025D-3E90-4AFE-B937-01FD568708DB}.Release|Any CPU.Build.0 = Release|Any CPU
		{C6BCFDF9-4895-4ED7-980E-6125B816FAAD}.Debug|Any CPU.ActiveCfg = Debug|Any CPU
		{C6BCFDF9-4895-4ED7-980E-6125B816FAAD}.Debug|Any CPU.Build.0 = Debug|Any CPU
		{C6BCFDF9-4895-4ED7-980E-6125B816FAAD}.Release|Any CPU.ActiveCfg = Release|Any CPU
		{C6BCFDF9-4895-4ED7-980E-6125B816FAAD}.Release|Any CPU.Build.0 = Release|Any CPU
	EndGlobalSection
	GlobalSection(SolutionProperties) = preSolution
		HideSolutionNode = FALSE
	EndGlobalSection
EndGlobal
