
Microsoft Visual Studio Solution File, Format Version 12.00
# Visual Studio 14
VisualStudioVersion = 14.0.24720.0
MinimumVisualStudioVersion = 10.0.40219.1
Project("{FAE04EC0-301F-11D3-BF4B-00C04F79EFBC}") = "06032016_1trainingLab", "Exams\06032016_1trainingLab.csproj", "{73E2F1C0-356E-44A3-8BE1-F35BF1308489}"
EndProject
Project("{FAE04EC0-301F-11D3-BF4B-00C04F79EFBC}") = "06032016_2transportPrice", "06032016transportPrice\06032016_2transportPrice.csproj", "{5C855EAC-7E22-4FA7-9C8A-3F8C2E4C5893}"
EndProject
Project("{FAE04EC0-301F-11D3-BF4B-00C04F79EFBC}") = "06032016_3onTimeForTheExam", "06032016onTimeForTheExam\06032016_3onTimeForTheExam.csproj", "{5EDE91EA-4AF4-4739-BDEA-E34CC869D025}"
EndProject
Project("{FAE04EC0-301F-11D3-BF4B-00C04F79EFBC}") = "26032016_1vegetableExchange", "26032016_1\26032016_1vegetableExchange.csproj", "{9B5B0B22-36B2-42FE-9E69-9485304DEE7C}"
EndProject
Project("{FAE04EC0-301F-11D3-BF4B-00C04F79EFBC}") = "26032016_2tubes", "26032016_tubes\26032016_2tubes.csproj", "{31475C4B-BCB8-4518-BB9F-65D2951B8F7F}"
EndProject
Project("{FAE04EC0-301F-11D3-BF4B-00C04F79EFBC}") = "28082016_1DailyProfit", "28082016_1DailyProfit\28082016_1DailyProfit.csproj", "{21F6DB1B-5AA3-40DE-AFB3-69B6A5094E28}"
EndProject
Project("{FAE04EC0-301F-11D3-BF4B-00C04F79EFBC}") = "28082016_2firm", "28082016_2firm\28082016_2firm.csproj", "{6F160D2C-CF55-40B2-843F-FA9FA09AFFDF}"
EndProject
Project("{FAE04EC0-301F-11D3-BF4B-00C04F79EFBC}") = "28082016_3hotelRoom", "28082016_3hotelRoom\28082016_3hotelRoom.csproj", "{19F4BDCF-CDDD-4CFA-AF8D-E0CEDDEF7CF2}"
EndProject
Project("{FAE04EC0-301F-11D3-BF4B-00C04F79EFBC}") = "28082016_4hospital", "28082016_4hospital\28082016_4hospital.csproj", "{FF1520CB-1E72-4507-90F0-F2F24D0351A1}"
EndProject
Project("{FAE04EC0-301F-11D3-BF4B-00C04F79EFBC}") = "17072016_3matchTickets", "17072016_3matchTickets\17072016_3matchTickets.csproj", "{02504327-5E19-4D88-BA65-DD6D45A49697}"
EndProject
Project("{FAE04EC0-301F-11D3-BF4B-00C04F79EFBC}") = "17072016_2harvest", "17072016_2harvest\17072016_2harvest.csproj", "{27F082D9-9CF9-4E4F-BA31-B218860EF68A}"
EndProject
Project("{FAE04EC0-301F-11D3-BF4B-00C04F79EFBC}") = "17072016_1money", "17072016_1money\17072016_1money.csproj", "{517C8342-951B-4F5C-91E0-598DA700FB7A}"
EndProject
Project("{FAE04EC0-301F-11D3-BF4B-00C04F79EFBC}") = "17072016_4backToThePast", "17072016_4backToThePast\17072016_4backToThePast.csproj", "{C812C068-6BDD-4C70-8466-DBDAE14314FC}"
EndProject
Project("{FAE04EC0-301F-11D3-BF4B-00C04F79EFBC}") = "17072016_5diamond", "17072016_5diamond\17072016_5diamond.csproj", "{B0CEEB8E-7414-43D5-80FF-C8176E36DFF1}"
EndProject
Project("{FAE04EC0-301F-11D3-BF4B-00C04F79EFBC}") = "26032016_5butterfly", "26032016_5butterfly\26032016_5butterfly.csproj", "{EF417419-F16C-4F81-AECC-8739D217D9ED}"
EndProject
Project("{FAE04EC0-301F-11D3-BF4B-00C04F79EFBC}") = "06032016_4histogram", "06032016_4histogram\06032016_4histogram.csproj", "{595090A3-58DB-4A15-A112-89E42983543A}"
EndProject
Project("{FAE04EC0-301F-11D3-BF4B-00C04F79EFBC}") = "06032016_5fort", "06032016_5fort\06032016_5fort.csproj", "{D8F0F50F-D9CA-483C-855A-E3B36A4E483B}"
EndProject
Project("{FAE04EC0-301F-11D3-BF4B-00C04F79EFBC}") = "26032016_6magicalCombination", "26032016_6magicalCombination\26032016_6magicalCombination.csproj", "{F4D79D85-17B4-48AB-8C30-42E1F54D33BC}"
EndProject
Project("{FAE04EC0-301F-11D3-BF4B-00C04F79EFBC}") = "24042016_6specialNumbers", "24042016_6specialNumbers\24042016_6specialNumbers.csproj", "{BF9E2493-B63C-48CD-9D06-7D3899C97C47}"
EndProject
Project("{FAE04EC0-301F-11D3-BF4B-00C04F79EFBC}") = "26032016_3journey", "26032016_3journey\26032016_3journey.csproj", "{241752A2-174E-464C-BFC0-14B04F872751}"
EndProject
Project("{FAE04EC0-301F-11D3-BF4B-00C04F79EFBC}") = "26032016_4divide", "26032016_4divide\26032016_4divide.csproj", "{DB05599C-F310-4D93-8642-5602C93A7352}"
EndProject
Project("{FAE04EC0-301F-11D3-BF4B-00C04F79EFBC}") = "20112016_Evening1HousePrice", "20112016_Evening1HousePrice\20112016_Evening1HousePrice.csproj", "{264BE414-ABC5-415E-816B-F999275D8F7F}"
EndProject
Project("{FAE04EC0-301F-11D3-BF4B-00C04F79EFBC}") = "20112016_Evening2flowerShop", "20112016_Evening2flowerShop\20112016_Evening2flowerShop.csproj", "{BB86747D-AA35-4012-86AB-62BEBC22E183}"
EndProject
Project("{FAE04EC0-301F-11D3-BF4B-00C04F79EFBC}") = "20112016_Evening3bikeRace", "20112016_Evening3bikeRace\20112016_Evening3bikeRace.csproj", "{670ED8CE-74C4-4431-9DEA-057635955C25}"
EndProject
Project("{FAE04EC0-301F-11D3-BF4B-00C04F79EFBC}") = "20112016_Evening4logistics", "20112016_Evening4logistics\20112016_Evening4logistics.csproj", "{D64C828B-0335-4333-B2F5-1DA1F7CDA4E9}"
EndProject
Project("{FAE04EC0-301F-11D3-BF4B-00C04F79EFBC}") = "20112016_Evening5rocket", "20112016_Evening5rocket\20112016_Evening5rocket.csproj", "{2C4FD74B-3D71-4B42-BEF4-3790577DB4A4}"
EndProject
Project("{FAE04EC0-301F-11D3-BF4B-00C04F79EFBC}") = "20112016_Evening6maxCombinations", "20112016_Evening6maxCombinations\20112016_Evening6maxCombinations.csproj", "{23C610AE-7550-4DB5-9215-FCC4B18AAFC2}"
EndProject
Project("{FAE04EC0-301F-11D3-BF4B-00C04F79EFBC}") = "24042016_1tilesReconstruction", "24042016_1tilesReconstruction\24042016_1tilesReconstruction.csproj", "{D9DC0AF3-176E-460E-BFC0-825EB6412A7F}"
EndProject
Project("{FAE04EC0-301F-11D3-BF4B-00C04F79EFBC}") = "24042016_2sleepyTomCat", "24042016_2sleepyTomCat\24042016_2sleepyTomCat.csproj", "{EF166AF7-7D53-48CB-A7A5-8B7378E80DB5}"
EndProject
Project("{FAE04EC0-301F-11D3-BF4B-00C04F79EFBC}") = "24042016_3operations", "24042016_3operations\24042016_3operations.csproj", "{1CD7A3D4-FBF8-46AE-8295-89954DCB1FE5}"
EndProject
Project("{FAE04EC0-301F-11D3-BF4B-00C04F79EFBC}") = "24042016_4cleverLilly", "24042016_4cleverLilly\24042016_4cleverLilly.csproj", "{A1F52FDD-7619-4BBB-8FC3-F4FB8B67605B}"
EndProject
Project("{FAE04EC0-301F-11D3-BF4B-00C04F79EFBC}") = "24042016_5stop", "24042016_5stop\24042016_5stop.csproj", "{950BBA8A-234A-47F0-8FD6-0781E15E3583}"
EndProject
Project("{FAE04EC0-301F-11D3-BF4B-00C04F79EFBC}") = "28082016_6digits", "28082016_6digits\28082016_6digits.csproj", "{6B69BA46-69C2-4442-B29D-30397D001218}"
EndProject
Project("{FAE04EC0-301F-11D3-BF4B-00C04F79EFBC}") = "20112016_Morning1Fishing", "20112016_Morning1Fishing\20112016_Morning1Fishing.csproj", "{10F05474-0CB0-4DD6-BEA6-3CFF7ED604FE}"
EndProject
Project("{FAE04EC0-301F-11D3-BF4B-00C04F79EFBC}") = "20112016_Morning2Pets", "20112016_Morning2Pets\20112016_Morning2Pets.csproj", "{39DB11B1-E726-4FFF-B7D3-4DEF170478F0}"
EndProject
Project("{FAE04EC0-301F-11D3-BF4B-00C04F79EFBC}") = "20112016_Morning3Vacation", "20112016_Morning3Vacation\20112016_Morning3Vacation.csproj", "{71AA5BB2-5469-4CE6-996A-27C033361D01}"
EndProject
Project("{FAE04EC0-301F-11D3-BF4B-00C04F79EFBC}") = "20112016_Morning4lSoftUniCamp", "20112016_Morning4lSoftUniCamp\20112016_Morning4lSoftUniCamp.csproj", "{821F9F61-179A-4A56-BC22-26BEFC82D466}"
EndProject
Project("{FAE04EC0-301F-11D3-BF4B-00C04F79EFBC}") = "20112016_Morning5Fox", "20112016_Morning5Fox\20112016_Morning5Fox.csproj", "{B9FFF4E3-9E55-4177-829D-73D468282726}"
EndProject
Project("{FAE04EC0-301F-11D3-BF4B-00C04F79EFBC}") = "20112016_Morning6Battles", "20112016_Morning6Battles\20112016_Morning6Battles.csproj", "{C6292CC7-80B0-4752-9B18-A3A8809A31F2}"
EndProject
Project("{FAE04EC0-301F-11D3-BF4B-00C04F79EFBC}") = "28082016_5Axe", "28082016_5Axe\28082016_5Axe.csproj", "{D8E63B9B-FD80-424A-96DA-97B1037E2729}"
EndProject
Project("{FAE04EC0-301F-11D3-BF4B-00C04F79EFBC}") = "17072016_6StopNumber", "17072016_6StopNumber\17072016_6StopNumber.csproj", "{0D734C8D-3265-43E7-B728-8AFB14DAD402}"
EndProject
Project("{FAE04EC0-301F-11D3-BF4B-00C04F79EFBC}") = "06032016_6StupidPasswordGenerator", "06032016_6StupidPasswordGenerator\06032016_6StupidPasswordGenerator.csproj", "{7F53F636-7CB5-4A75-8798-ECB61B82778F}"
EndProject
Project("{FAE04EC0-301F-11D3-BF4B-00C04F79EFBC}") = "02032016_01triangleArea", "02032016_01triangleArea\02032016_01triangleArea.csproj", "{DBA2BD9E-201B-4762-88CE-C3A0FB198F85}"
EndProject
Global
	GlobalSection(SolutionConfigurationPlatforms) = preSolution
		Debug|Any CPU = Debug|Any CPU
		Release|Any CPU = Release|Any CPU
	EndGlobalSection
	GlobalSection(ProjectConfigurationPlatforms) = postSolution
		{73E2F1C0-356E-44A3-8BE1-F35BF1308489}.Debug|Any CPU.ActiveCfg = Debug|Any CPU
		{73E2F1C0-356E-44A3-8BE1-F35BF1308489}.Debug|Any CPU.Build.0 = Debug|Any CPU
		{73E2F1C0-356E-44A3-8BE1-F35BF1308489}.Release|Any CPU.ActiveCfg = Release|Any CPU
		{73E2F1C0-356E-44A3-8BE1-F35BF1308489}.Release|Any CPU.Build.0 = Release|Any CPU
		{5C855EAC-7E22-4FA7-9C8A-3F8C2E4C5893}.Debug|Any CPU.ActiveCfg = Debug|Any CPU
		{5C855EAC-7E22-4FA7-9C8A-3F8C2E4C5893}.Debug|Any CPU.Build.0 = Debug|Any CPU
		{5C855EAC-7E22-4FA7-9C8A-3F8C2E4C5893}.Release|Any CPU.ActiveCfg = Release|Any CPU
		{5C855EAC-7E22-4FA7-9C8A-3F8C2E4C5893}.Release|Any CPU.Build.0 = Release|Any CPU
		{5EDE91EA-4AF4-4739-BDEA-E34CC869D025}.Debug|Any CPU.ActiveCfg = Debug|Any CPU
		{5EDE91EA-4AF4-4739-BDEA-E34CC869D025}.Debug|Any CPU.Build.0 = Debug|Any CPU
		{5EDE91EA-4AF4-4739-BDEA-E34CC869D025}.Release|Any CPU.ActiveCfg = Release|Any CPU
		{5EDE91EA-4AF4-4739-BDEA-E34CC869D025}.Release|Any CPU.Build.0 = Release|Any CPU
		{9B5B0B22-36B2-42FE-9E69-9485304DEE7C}.Debug|Any CPU.ActiveCfg = Debug|Any CPU
		{9B5B0B22-36B2-42FE-9E69-9485304DEE7C}.Debug|Any CPU.Build.0 = Debug|Any CPU
		{9B5B0B22-36B2-42FE-9E69-9485304DEE7C}.Release|Any CPU.ActiveCfg = Release|Any CPU
		{9B5B0B22-36B2-42FE-9E69-9485304DEE7C}.Release|Any CPU.Build.0 = Release|Any CPU
		{31475C4B-BCB8-4518-BB9F-65D2951B8F7F}.Debug|Any CPU.ActiveCfg = Debug|Any CPU
		{31475C4B-BCB8-4518-BB9F-65D2951B8F7F}.Debug|Any CPU.Build.0 = Debug|Any CPU
		{31475C4B-BCB8-4518-BB9F-65D2951B8F7F}.Release|Any CPU.ActiveCfg = Release|Any CPU
		{31475C4B-BCB8-4518-BB9F-65D2951B8F7F}.Release|Any CPU.Build.0 = Release|Any CPU
		{21F6DB1B-5AA3-40DE-AFB3-69B6A5094E28}.Debug|Any CPU.ActiveCfg = Debug|Any CPU
		{21F6DB1B-5AA3-40DE-AFB3-69B6A5094E28}.Debug|Any CPU.Build.0 = Debug|Any CPU
		{21F6DB1B-5AA3-40DE-AFB3-69B6A5094E28}.Release|Any CPU.ActiveCfg = Release|Any CPU
		{21F6DB1B-5AA3-40DE-AFB3-69B6A5094E28}.Release|Any CPU.Build.0 = Release|Any CPU
		{6F160D2C-CF55-40B2-843F-FA9FA09AFFDF}.Debug|Any CPU.ActiveCfg = Debug|Any CPU
		{6F160D2C-CF55-40B2-843F-FA9FA09AFFDF}.Debug|Any CPU.Build.0 = Debug|Any CPU
		{6F160D2C-CF55-40B2-843F-FA9FA09AFFDF}.Release|Any CPU.ActiveCfg = Release|Any CPU
		{6F160D2C-CF55-40B2-843F-FA9FA09AFFDF}.Release|Any CPU.Build.0 = Release|Any CPU
		{19F4BDCF-CDDD-4CFA-AF8D-E0CEDDEF7CF2}.Debug|Any CPU.ActiveCfg = Debug|Any CPU
		{19F4BDCF-CDDD-4CFA-AF8D-E0CEDDEF7CF2}.Debug|Any CPU.Build.0 = Debug|Any CPU
		{19F4BDCF-CDDD-4CFA-AF8D-E0CEDDEF7CF2}.Release|Any CPU.ActiveCfg = Release|Any CPU
		{19F4BDCF-CDDD-4CFA-AF8D-E0CEDDEF7CF2}.Release|Any CPU.Build.0 = Release|Any CPU
		{FF1520CB-1E72-4507-90F0-F2F24D0351A1}.Debug|Any CPU.ActiveCfg = Debug|Any CPU
		{FF1520CB-1E72-4507-90F0-F2F24D0351A1}.Debug|Any CPU.Build.0 = Debug|Any CPU
		{FF1520CB-1E72-4507-90F0-F2F24D0351A1}.Release|Any CPU.ActiveCfg = Release|Any CPU
		{FF1520CB-1E72-4507-90F0-F2F24D0351A1}.Release|Any CPU.Build.0 = Release|Any CPU
		{02504327-5E19-4D88-BA65-DD6D45A49697}.Debug|Any CPU.ActiveCfg = Debug|Any CPU
		{02504327-5E19-4D88-BA65-DD6D45A49697}.Debug|Any CPU.Build.0 = Debug|Any CPU
		{02504327-5E19-4D88-BA65-DD6D45A49697}.Release|Any CPU.ActiveCfg = Release|Any CPU
		{02504327-5E19-4D88-BA65-DD6D45A49697}.Release|Any CPU.Build.0 = Release|Any CPU
		{27F082D9-9CF9-4E4F-BA31-B218860EF68A}.Debug|Any CPU.ActiveCfg = Debug|Any CPU
		{27F082D9-9CF9-4E4F-BA31-B218860EF68A}.Debug|Any CPU.Build.0 = Debug|Any CPU
		{27F082D9-9CF9-4E4F-BA31-B218860EF68A}.Release|Any CPU.ActiveCfg = Release|Any CPU
		{27F082D9-9CF9-4E4F-BA31-B218860EF68A}.Release|Any CPU.Build.0 = Release|Any CPU
		{517C8342-951B-4F5C-91E0-598DA700FB7A}.Debug|Any CPU.ActiveCfg = Debug|Any CPU
		{517C8342-951B-4F5C-91E0-598DA700FB7A}.Debug|Any CPU.Build.0 = Debug|Any CPU
		{517C8342-951B-4F5C-91E0-598DA700FB7A}.Release|Any CPU.ActiveCfg = Release|Any CPU
		{517C8342-951B-4F5C-91E0-598DA700FB7A}.Release|Any CPU.Build.0 = Release|Any CPU
		{C812C068-6BDD-4C70-8466-DBDAE14314FC}.Debug|Any CPU.ActiveCfg = Debug|Any CPU
		{C812C068-6BDD-4C70-8466-DBDAE14314FC}.Debug|Any CPU.Build.0 = Debug|Any CPU
		{C812C068-6BDD-4C70-8466-DBDAE14314FC}.Release|Any CPU.ActiveCfg = Release|Any CPU
		{C812C068-6BDD-4C70-8466-DBDAE14314FC}.Release|Any CPU.Build.0 = Release|Any CPU
		{B0CEEB8E-7414-43D5-80FF-C8176E36DFF1}.Debug|Any CPU.ActiveCfg = Debug|Any CPU
		{B0CEEB8E-7414-43D5-80FF-C8176E36DFF1}.Debug|Any CPU.Build.0 = Debug|Any CPU
		{B0CEEB8E-7414-43D5-80FF-C8176E36DFF1}.Release|Any CPU.ActiveCfg = Release|Any CPU
		{B0CEEB8E-7414-43D5-80FF-C8176E36DFF1}.Release|Any CPU.Build.0 = Release|Any CPU
		{EF417419-F16C-4F81-AECC-8739D217D9ED}.Debug|Any CPU.ActiveCfg = Debug|Any CPU
		{EF417419-F16C-4F81-AECC-8739D217D9ED}.Debug|Any CPU.Build.0 = Debug|Any CPU
		{EF417419-F16C-4F81-AECC-8739D217D9ED}.Release|Any CPU.ActiveCfg = Release|Any CPU
		{EF417419-F16C-4F81-AECC-8739D217D9ED}.Release|Any CPU.Build.0 = Release|Any CPU
		{595090A3-58DB-4A15-A112-89E42983543A}.Debug|Any CPU.ActiveCfg = Debug|Any CPU
		{595090A3-58DB-4A15-A112-89E42983543A}.Debug|Any CPU.Build.0 = Debug|Any CPU
		{595090A3-58DB-4A15-A112-89E42983543A}.Release|Any CPU.ActiveCfg = Release|Any CPU
		{595090A3-58DB-4A15-A112-89E42983543A}.Release|Any CPU.Build.0 = Release|Any CPU
		{D8F0F50F-D9CA-483C-855A-E3B36A4E483B}.Debug|Any CPU.ActiveCfg = Debug|Any CPU
		{D8F0F50F-D9CA-483C-855A-E3B36A4E483B}.Debug|Any CPU.Build.0 = Debug|Any CPU
		{D8F0F50F-D9CA-483C-855A-E3B36A4E483B}.Release|Any CPU.ActiveCfg = Release|Any CPU
		{D8F0F50F-D9CA-483C-855A-E3B36A4E483B}.Release|Any CPU.Build.0 = Release|Any CPU
		{F4D79D85-17B4-48AB-8C30-42E1F54D33BC}.Debug|Any CPU.ActiveCfg = Debug|Any CPU
		{F4D79D85-17B4-48AB-8C30-42E1F54D33BC}.Debug|Any CPU.Build.0 = Debug|Any CPU
		{F4D79D85-17B4-48AB-8C30-42E1F54D33BC}.Release|Any CPU.ActiveCfg = Release|Any CPU
		{F4D79D85-17B4-48AB-8C30-42E1F54D33BC}.Release|Any CPU.Build.0 = Release|Any CPU
		{BF9E2493-B63C-48CD-9D06-7D3899C97C47}.Debug|Any CPU.ActiveCfg = Debug|Any CPU
		{BF9E2493-B63C-48CD-9D06-7D3899C97C47}.Debug|Any CPU.Build.0 = Debug|Any CPU
		{BF9E2493-B63C-48CD-9D06-7D3899C97C47}.Release|Any CPU.ActiveCfg = Release|Any CPU
		{BF9E2493-B63C-48CD-9D06-7D3899C97C47}.Release|Any CPU.Build.0 = Release|Any CPU
		{241752A2-174E-464C-BFC0-14B04F872751}.Debug|Any CPU.ActiveCfg = Debug|Any CPU
		{241752A2-174E-464C-BFC0-14B04F872751}.Debug|Any CPU.Build.0 = Debug|Any CPU
		{241752A2-174E-464C-BFC0-14B04F872751}.Release|Any CPU.ActiveCfg = Release|Any CPU
		{241752A2-174E-464C-BFC0-14B04F872751}.Release|Any CPU.Build.0 = Release|Any CPU
		{DB05599C-F310-4D93-8642-5602C93A7352}.Debug|Any CPU.ActiveCfg = Debug|Any CPU
		{DB05599C-F310-4D93-8642-5602C93A7352}.Debug|Any CPU.Build.0 = Debug|Any CPU
		{DB05599C-F310-4D93-8642-5602C93A7352}.Release|Any CPU.ActiveCfg = Release|Any CPU
		{DB05599C-F310-4D93-8642-5602C93A7352}.Release|Any CPU.Build.0 = Release|Any CPU
		{264BE414-ABC5-415E-816B-F999275D8F7F}.Debug|Any CPU.ActiveCfg = Debug|Any CPU
		{264BE414-ABC5-415E-816B-F999275D8F7F}.Debug|Any CPU.Build.0 = Debug|Any CPU
		{264BE414-ABC5-415E-816B-F999275D8F7F}.Release|Any CPU.ActiveCfg = Release|Any CPU
		{264BE414-ABC5-415E-816B-F999275D8F7F}.Release|Any CPU.Build.0 = Release|Any CPU
		{BB86747D-AA35-4012-86AB-62BEBC22E183}.Debug|Any CPU.ActiveCfg = Debug|Any CPU
		{BB86747D-AA35-4012-86AB-62BEBC22E183}.Debug|Any CPU.Build.0 = Debug|Any CPU
		{BB86747D-AA35-4012-86AB-62BEBC22E183}.Release|Any CPU.ActiveCfg = Release|Any CPU
		{BB86747D-AA35-4012-86AB-62BEBC22E183}.Release|Any CPU.Build.0 = Release|Any CPU
		{670ED8CE-74C4-4431-9DEA-057635955C25}.Debug|Any CPU.ActiveCfg = Debug|Any CPU
		{670ED8CE-74C4-4431-9DEA-057635955C25}.Debug|Any CPU.Build.0 = Debug|Any CPU
		{670ED8CE-74C4-4431-9DEA-057635955C25}.Release|Any CPU.ActiveCfg = Release|Any CPU
		{670ED8CE-74C4-4431-9DEA-057635955C25}.Release|Any CPU.Build.0 = Release|Any CPU
		{D64C828B-0335-4333-B2F5-1DA1F7CDA4E9}.Debug|Any CPU.ActiveCfg = Debug|Any CPU
		{D64C828B-0335-4333-B2F5-1DA1F7CDA4E9}.Debug|Any CPU.Build.0 = Debug|Any CPU
		{D64C828B-0335-4333-B2F5-1DA1F7CDA4E9}.Release|Any CPU.ActiveCfg = Release|Any CPU
		{D64C828B-0335-4333-B2F5-1DA1F7CDA4E9}.Release|Any CPU.Build.0 = Release|Any CPU
		{2C4FD74B-3D71-4B42-BEF4-3790577DB4A4}.Debug|Any CPU.ActiveCfg = Debug|Any CPU
		{2C4FD74B-3D71-4B42-BEF4-3790577DB4A4}.Debug|Any CPU.Build.0 = Debug|Any CPU
		{2C4FD74B-3D71-4B42-BEF4-3790577DB4A4}.Release|Any CPU.ActiveCfg = Release|Any CPU
		{2C4FD74B-3D71-4B42-BEF4-3790577DB4A4}.Release|Any CPU.Build.0 = Release|Any CPU
		{23C610AE-7550-4DB5-9215-FCC4B18AAFC2}.Debug|Any CPU.ActiveCfg = Debug|Any CPU
		{23C610AE-7550-4DB5-9215-FCC4B18AAFC2}.Debug|Any CPU.Build.0 = Debug|Any CPU
		{23C610AE-7550-4DB5-9215-FCC4B18AAFC2}.Release|Any CPU.ActiveCfg = Release|Any CPU
		{23C610AE-7550-4DB5-9215-FCC4B18AAFC2}.Release|Any CPU.Build.0 = Release|Any CPU
		{D9DC0AF3-176E-460E-BFC0-825EB6412A7F}.Debug|Any CPU.ActiveCfg = Debug|Any CPU
		{D9DC0AF3-176E-460E-BFC0-825EB6412A7F}.Debug|Any CPU.Build.0 = Debug|Any CPU
		{D9DC0AF3-176E-460E-BFC0-825EB6412A7F}.Release|Any CPU.ActiveCfg = Release|Any CPU
		{D9DC0AF3-176E-460E-BFC0-825EB6412A7F}.Release|Any CPU.Build.0 = Release|Any CPU
		{EF166AF7-7D53-48CB-A7A5-8B7378E80DB5}.Debug|Any CPU.ActiveCfg = Debug|Any CPU
		{EF166AF7-7D53-48CB-A7A5-8B7378E80DB5}.Debug|Any CPU.Build.0 = Debug|Any CPU
		{EF166AF7-7D53-48CB-A7A5-8B7378E80DB5}.Release|Any CPU.ActiveCfg = Release|Any CPU
		{EF166AF7-7D53-48CB-A7A5-8B7378E80DB5}.Release|Any CPU.Build.0 = Release|Any CPU
		{1CD7A3D4-FBF8-46AE-8295-89954DCB1FE5}.Debug|Any CPU.ActiveCfg = Debug|Any CPU
		{1CD7A3D4-FBF8-46AE-8295-89954DCB1FE5}.Debug|Any CPU.Build.0 = Debug|Any CPU
		{1CD7A3D4-FBF8-46AE-8295-89954DCB1FE5}.Release|Any CPU.ActiveCfg = Release|Any CPU
		{1CD7A3D4-FBF8-46AE-8295-89954DCB1FE5}.Release|Any CPU.Build.0 = Release|Any CPU
		{A1F52FDD-7619-4BBB-8FC3-F4FB8B67605B}.Debug|Any CPU.ActiveCfg = Debug|Any CPU
		{A1F52FDD-7619-4BBB-8FC3-F4FB8B67605B}.Debug|Any CPU.Build.0 = Debug|Any CPU
		{A1F52FDD-7619-4BBB-8FC3-F4FB8B67605B}.Release|Any CPU.ActiveCfg = Release|Any CPU
		{A1F52FDD-7619-4BBB-8FC3-F4FB8B67605B}.Release|Any CPU.Build.0 = Release|Any CPU
		{950BBA8A-234A-47F0-8FD6-0781E15E3583}.Debug|Any CPU.ActiveCfg = Debug|Any CPU
		{950BBA8A-234A-47F0-8FD6-0781E15E3583}.Debug|Any CPU.Build.0 = Debug|Any CPU
		{950BBA8A-234A-47F0-8FD6-0781E15E3583}.Release|Any CPU.ActiveCfg = Release|Any CPU
		{950BBA8A-234A-47F0-8FD6-0781E15E3583}.Release|Any CPU.Build.0 = Release|Any CPU
		{6B69BA46-69C2-4442-B29D-30397D001218}.Debug|Any CPU.ActiveCfg = Debug|Any CPU
		{6B69BA46-69C2-4442-B29D-30397D001218}.Debug|Any CPU.Build.0 = Debug|Any CPU
		{6B69BA46-69C2-4442-B29D-30397D001218}.Release|Any CPU.ActiveCfg = Release|Any CPU
		{6B69BA46-69C2-4442-B29D-30397D001218}.Release|Any CPU.Build.0 = Release|Any CPU
		{10F05474-0CB0-4DD6-BEA6-3CFF7ED604FE}.Debug|Any CPU.ActiveCfg = Debug|Any CPU
		{10F05474-0CB0-4DD6-BEA6-3CFF7ED604FE}.Debug|Any CPU.Build.0 = Debug|Any CPU
		{10F05474-0CB0-4DD6-BEA6-3CFF7ED604FE}.Release|Any CPU.ActiveCfg = Release|Any CPU
		{10F05474-0CB0-4DD6-BEA6-3CFF7ED604FE}.Release|Any CPU.Build.0 = Release|Any CPU
		{39DB11B1-E726-4FFF-B7D3-4DEF170478F0}.Debug|Any CPU.ActiveCfg = Debug|Any CPU
		{39DB11B1-E726-4FFF-B7D3-4DEF170478F0}.Debug|Any CPU.Build.0 = Debug|Any CPU
		{39DB11B1-E726-4FFF-B7D3-4DEF170478F0}.Release|Any CPU.ActiveCfg = Release|Any CPU
		{39DB11B1-E726-4FFF-B7D3-4DEF170478F0}.Release|Any CPU.Build.0 = Release|Any CPU
		{71AA5BB2-5469-4CE6-996A-27C033361D01}.Debug|Any CPU.ActiveCfg = Debug|Any CPU
		{71AA5BB2-5469-4CE6-996A-27C033361D01}.Debug|Any CPU.Build.0 = Debug|Any CPU
		{71AA5BB2-5469-4CE6-996A-27C033361D01}.Release|Any CPU.ActiveCfg = Release|Any CPU
		{71AA5BB2-5469-4CE6-996A-27C033361D01}.Release|Any CPU.Build.0 = Release|Any CPU
		{821F9F61-179A-4A56-BC22-26BEFC82D466}.Debug|Any CPU.ActiveCfg = Debug|Any CPU
		{821F9F61-179A-4A56-BC22-26BEFC82D466}.Debug|Any CPU.Build.0 = Debug|Any CPU
		{821F9F61-179A-4A56-BC22-26BEFC82D466}.Release|Any CPU.ActiveCfg = Release|Any CPU
		{821F9F61-179A-4A56-BC22-26BEFC82D466}.Release|Any CPU.Build.0 = Release|Any CPU
		{B9FFF4E3-9E55-4177-829D-73D468282726}.Debug|Any CPU.ActiveCfg = Debug|Any CPU
		{B9FFF4E3-9E55-4177-829D-73D468282726}.Debug|Any CPU.Build.0 = Debug|Any CPU
		{B9FFF4E3-9E55-4177-829D-73D468282726}.Release|Any CPU.ActiveCfg = Release|Any CPU
		{B9FFF4E3-9E55-4177-829D-73D468282726}.Release|Any CPU.Build.0 = Release|Any CPU
		{C6292CC7-80B0-4752-9B18-A3A8809A31F2}.Debug|Any CPU.ActiveCfg = Debug|Any CPU
		{C6292CC7-80B0-4752-9B18-A3A8809A31F2}.Debug|Any CPU.Build.0 = Debug|Any CPU
		{C6292CC7-80B0-4752-9B18-A3A8809A31F2}.Release|Any CPU.ActiveCfg = Release|Any CPU
		{C6292CC7-80B0-4752-9B18-A3A8809A31F2}.Release|Any CPU.Build.0 = Release|Any CPU
		{D8E63B9B-FD80-424A-96DA-97B1037E2729}.Debug|Any CPU.ActiveCfg = Debug|Any CPU
		{D8E63B9B-FD80-424A-96DA-97B1037E2729}.Debug|Any CPU.Build.0 = Debug|Any CPU
		{D8E63B9B-FD80-424A-96DA-97B1037E2729}.Release|Any CPU.ActiveCfg = Release|Any CPU
		{D8E63B9B-FD80-424A-96DA-97B1037E2729}.Release|Any CPU.Build.0 = Release|Any CPU
		{0D734C8D-3265-43E7-B728-8AFB14DAD402}.Debug|Any CPU.ActiveCfg = Debug|Any CPU
		{0D734C8D-3265-43E7-B728-8AFB14DAD402}.Debug|Any CPU.Build.0 = Debug|Any CPU
		{0D734C8D-3265-43E7-B728-8AFB14DAD402}.Release|Any CPU.ActiveCfg = Release|Any CPU
		{0D734C8D-3265-43E7-B728-8AFB14DAD402}.Release|Any CPU.Build.0 = Release|Any CPU
		{7F53F636-7CB5-4A75-8798-ECB61B82778F}.Debug|Any CPU.ActiveCfg = Debug|Any CPU
		{7F53F636-7CB5-4A75-8798-ECB61B82778F}.Debug|Any CPU.Build.0 = Debug|Any CPU
		{7F53F636-7CB5-4A75-8798-ECB61B82778F}.Release|Any CPU.ActiveCfg = Release|Any CPU
		{7F53F636-7CB5-4A75-8798-ECB61B82778F}.Release|Any CPU.Build.0 = Release|Any CPU
		{DBA2BD9E-201B-4762-88CE-C3A0FB198F85}.Debug|Any CPU.ActiveCfg = Debug|Any CPU
		{DBA2BD9E-201B-4762-88CE-C3A0FB198F85}.Debug|Any CPU.Build.0 = Debug|Any CPU
		{DBA2BD9E-201B-4762-88CE-C3A0FB198F85}.Release|Any CPU.ActiveCfg = Release|Any CPU
		{DBA2BD9E-201B-4762-88CE-C3A0FB198F85}.Release|Any CPU.Build.0 = Release|Any CPU
	EndGlobalSection
	GlobalSection(SolutionProperties) = preSolution
		HideSolutionNode = FALSE
	EndGlobalSection
EndGlobal
